
Microsoft Visual Studio Solution File, Format Version 12.00
# Visual Studio Version 16
VisualStudioVersion = 16.0.31729.503
MinimumVisualStudioVersion = 10.0.40219.1
Project("{FAE04EC0-301F-11D3-BF4B-00C04F79EFBC}") = "OkulKutuphane", "OkulKutuphane\OkulKutuphane.csproj", "{0467FE91-15A9-4913-A8CB-F58DDE0CD23B}"
EndProject
Global
	GlobalSection(SolutionConfigurationPlatforms) = preSolution
		Debug|Any CPU = Debug|Any CPU
		Release|Any CPU = Release|Any CPU
	EndGlobalSection
	GlobalSection(ProjectConfigurationPlatforms) = postSolution
		{0467FE91-15A9-4913-A8CB-F58DDE0CD23B}.Debug|Any CPU.ActiveCfg = Debug|Any CPU
		{0467FE91-15A9-4913-A8CB-F58DDE0CD23B}.Debug|Any CPU.Build.0 = Debug|Any CPU
		{0467FE91-15A9-4913-A8CB-F58DDE0CD23B}.Release|Any CPU.ActiveCfg = Release|Any CPU
		{0467FE91-15A9-4913-A8CB-F58DDE0CD23B}.Release|Any CPU.Build.0 = Release|Any CPU
	EndGlobalSection
	GlobalSection(SolutionProperties) = preSolution
		HideSolutionNode = FALSE
	EndGlobalSection
	GlobalSection(ExtensibilityGlobals) = postSolution
		SolutionGuid = {EA3F7772-880D-4852-A390-51DE312041B9}
	EndGlobalSection
EndGlobal
